
Microsoft Visual Studio Solution File, Format Version 12.00
# Visual Studio Version 17
VisualStudioVersion = 17.9.34728.123
MinimumVisualStudioVersion = 10.0.40219.1
Project("{FAE04EC0-301F-11D3-BF4B-00C04F79EFBC}") = "RestApiBensas", "RestApiBensas.csproj", "{461C44B7-67EC-44A6-B443-8285CFD0AEBC}"
EndProject
Global
	GlobalSection(SolutionConfigurationPlatforms) = preSolution
		Debug|Any CPU = Debug|Any CPU
		Release|Any CPU = Release|Any CPU
	EndGlobalSection
	GlobalSection(ProjectConfigurationPlatforms) = postSolution
		{461C44B7-67EC-44A6-B443-8285CFD0AEBC}.Debug|Any CPU.ActiveCfg = Debug|Any CPU
		{461C44B7-67EC-44A6-B443-8285CFD0AEBC}.Debug|Any CPU.Build.0 = Debug|Any CPU
		{461C44B7-67EC-44A6-B443-8285CFD0AEBC}.Release|Any CPU.ActiveCfg = Release|Any CPU
		{461C44B7-67EC-44A6-B443-8285CFD0AEBC}.Release|Any CPU.Build.0 = Release|Any CPU
	EndGlobalSection
	GlobalSection(SolutionProperties) = preSolution
		HideSolutionNode = FALSE
	EndGlobalSection
	GlobalSection(ExtensibilityGlobals) = postSolution
		SolutionGuid = {D0661A16-583B-41CF-9145-98B1CFB72B5D}
	EndGlobalSection
EndGlobal
